
Microsoft Visual Studio Solution File, Format Version 12.00
# Visual Studio Version 16
VisualStudioVersion = 16.0.30320.27
MinimumVisualStudioVersion = 10.0.40219.1
Project("{FAE04EC0-301F-11D3-BF4B-00C04F79EFBC}") = "CMSUppgift1", "CMSUppgift1.csproj", "{A58BBF26-F01C-43D6-9F8C-44C5B668E257}"
EndProject
Global
	GlobalSection(SolutionConfigurationPlatforms) = preSolution
		Debug|Any CPU = Debug|Any CPU
		Release|Any CPU = Release|Any CPU
	EndGlobalSection
	GlobalSection(ProjectConfigurationPlatforms) = postSolution
		{A58BBF26-F01C-43D6-9F8C-44C5B668E257}.Debug|Any CPU.ActiveCfg = Debug|Any CPU
		{A58BBF26-F01C-43D6-9F8C-44C5B668E257}.Debug|Any CPU.Build.0 = Debug|Any CPU
		{A58BBF26-F01C-43D6-9F8C-44C5B668E257}.Release|Any CPU.ActiveCfg = Release|Any CPU
		{A58BBF26-F01C-43D6-9F8C-44C5B668E257}.Release|Any CPU.Build.0 = Release|Any CPU
	EndGlobalSection
	GlobalSection(SolutionProperties) = preSolution
		HideSolutionNode = FALSE
	EndGlobalSection
	GlobalSection(ExtensibilityGlobals) = postSolution
		SolutionGuid = {2EA75561-874A-4E0A-8BC8-8C9766E8F4A8}
	EndGlobalSection
EndGlobal
